
Microsoft Visual Studio Solution File, Format Version 12.00
# Visual Studio Version 16
VisualStudioVersion = 16.0.29215.179
MinimumVisualStudioVersion = 10.0.40219.1
Project("{8BC9CEB8-8B4A-11D0-8D11-00A0C91BC942}") = "CS200_Jeesoo", "CS200_Jeesoo\CS200_Jeesoo.vcxproj", "{F02AC058-183E-4C9D-8D08-3FBA3ECBA4FA}"
EndProject
Project("{8BC9CEB8-8B4A-11D0-8D11-00A0C91BC942}") = "GraphicLibrary", "GraphicLibrary\GraphicLibrary.vcxproj", "{86B28214-91B5-4D5C-A6E4-B2D724C153A4}"
EndProject
Project("{8BC9CEB8-8B4A-11D0-8D11-00A0C91BC942}") = "MathLib", "MathLib\MathLib.vcxproj", "{105468E6-009E-49E2-9A64-BAE3C1003143}"
EndProject
Project("{8BC9CEB8-8B4A-11D0-8D11-00A0C91BC942}") = "UnitTest", "UnitTest\UnitTest.vcxproj", "{1518A3A6-432F-4246-B71E-D98314FE6704}"
EndProject
Global
	GlobalSection(SolutionConfigurationPlatforms) = preSolution
		Debug|x64 = Debug|x64
		Debug|x86 = Debug|x86
		Release|x64 = Release|x64
		Release|x86 = Release|x86
	EndGlobalSection
	GlobalSection(ProjectConfigurationPlatforms) = postSolution
		{F02AC058-183E-4C9D-8D08-3FBA3ECBA4FA}.Debug|x64.ActiveCfg = Debug|x64
		{F02AC058-183E-4C9D-8D08-3FBA3ECBA4FA}.Debug|x64.Build.0 = Debug|x64
		{F02AC058-183E-4C9D-8D08-3FBA3ECBA4FA}.Debug|x86.ActiveCfg = Debug|x64
		{F02AC058-183E-4C9D-8D08-3FBA3ECBA4FA}.Debug|x86.Build.0 = Debug|x64
		{F02AC058-183E-4C9D-8D08-3FBA3ECBA4FA}.Release|x64.ActiveCfg = Release|x64
		{F02AC058-183E-4C9D-8D08-3FBA3ECBA4FA}.Release|x64.Build.0 = Release|x64
		{F02AC058-183E-4C9D-8D08-3FBA3ECBA4FA}.Release|x86.ActiveCfg = Release|x64
		{F02AC058-183E-4C9D-8D08-3FBA3ECBA4FA}.Release|x86.Build.0 = Release|x64
		{86B28214-91B5-4D5C-A6E4-B2D724C153A4}.Debug|x64.ActiveCfg = Debug|x64
		{86B28214-91B5-4D5C-A6E4-B2D724C153A4}.Debug|x64.Build.0 = Debug|x64
		{86B28214-91B5-4D5C-A6E4-B2D724C153A4}.Debug|x86.ActiveCfg = Debug|x64
		{86B28214-91B5-4D5C-A6E4-B2D724C153A4}.Debug|x86.Build.0 = Debug|x64
		{86B28214-91B5-4D5C-A6E4-B2D724C153A4}.Release|x64.ActiveCfg = Release|x64
		{86B28214-91B5-4D5C-A6E4-B2D724C153A4}.Release|x64.Build.0 = Release|x64
		{86B28214-91B5-4D5C-A6E4-B2D724C153A4}.Release|x86.ActiveCfg = Release|x64
		{86B28214-91B5-4D5C-A6E4-B2D724C153A4}.Release|x86.Build.0 = Release|x64
		{105468E6-009E-49E2-9A64-BAE3C1003143}.Debug|x64.ActiveCfg = Debug|x64
		{105468E6-009E-49E2-9A64-BAE3C1003143}.Debug|x64.Build.0 = Debug|x64
		{105468E6-009E-49E2-9A64-BAE3C1003143}.Debug|x86.ActiveCfg = Debug|x64
		{105468E6-009E-49E2-9A64-BAE3C1003143}.Debug|x86.Build.0 = Debug|x64
		{105468E6-009E-49E2-9A64-BAE3C1003143}.Release|x64.ActiveCfg = Release|x64
		{105468E6-009E-49E2-9A64-BAE3C1003143}.Release|x64.Build.0 = Release|x64
		{105468E6-009E-49E2-9A64-BAE3C1003143}.Release|x86.ActiveCfg = Release|x64
		{105468E6-009E-49E2-9A64-BAE3C1003143}.Release|x86.Build.0 = Release|x64
		{1518A3A6-432F-4246-B71E-D98314FE6704}.Debug|x64.ActiveCfg = Debug|x64
		{1518A3A6-432F-4246-B71E-D98314FE6704}.Debug|x64.Build.0 = Debug|x64
		{1518A3A6-432F-4246-B71E-D98314FE6704}.Debug|x86.ActiveCfg = Debug|x64
		{1518A3A6-432F-4246-B71E-D98314FE6704}.Debug|x86.Build.0 = Debug|x64
		{1518A3A6-432F-4246-B71E-D98314FE6704}.Release|x64.ActiveCfg = Release|x64
		{1518A3A6-432F-4246-B71E-D98314FE6704}.Release|x64.Build.0 = Release|x64
		{1518A3A6-432F-4246-B71E-D98314FE6704}.Release|x86.ActiveCfg = Release|x64
		{1518A3A6-432F-4246-B71E-D98314FE6704}.Release|x86.Build.0 = Release|x64
	EndGlobalSection
	GlobalSection(SolutionProperties) = preSolution
		HideSolutionNode = FALSE
	EndGlobalSection
	GlobalSection(ExtensibilityGlobals) = postSolution
		SolutionGuid = {C331A21C-A04A-4854-B83D-B05E69AD139A}
	EndGlobalSection
EndGlobal
